
Microsoft Visual Studio Solution File, Format Version 12.00
# Visual Studio Version 17
VisualStudioVersion = 17.14.37216.2 d17.14
MinimumVisualStudioVersion = 10.0.40219.1
Project("{FAE04EC0-301F-11D3-BF4B-00C04F79EFBC}") = "Tic Tac Toe Game", "Tic Tac Toe Game.csproj", "{9D914971-B2A6-4501-8037-1ED7CE77256D}"
EndProject
Global
	GlobalSection(SolutionConfigurationPlatforms) = preSolution
		Debug|Any CPU = Debug|Any CPU
		Release|Any CPU = Release|Any CPU
	EndGlobalSection
	GlobalSection(ProjectConfigurationPlatforms) = postSolution
		{9D914971-B2A6-4501-8037-1ED7CE77256D}.Debug|Any CPU.ActiveCfg = Debug|Any CPU
		{9D914971-B2A6-4501-8037-1ED7CE77256D}.Debug|Any CPU.Build.0 = Debug|Any CPU
		{9D914971-B2A6-4501-8037-1ED7CE77256D}.Release|Any CPU.ActiveCfg = Release|Any CPU
		{9D914971-B2A6-4501-8037-1ED7CE77256D}.Release|Any CPU.Build.0 = Release|Any CPU
	EndGlobalSection
	GlobalSection(SolutionProperties) = preSolution
		HideSolutionNode = FALSE
	EndGlobalSection
	GlobalSection(ExtensibilityGlobals) = postSolution
		SolutionGuid = {7318330C-DA17-4ACA-ACF0-155DE07F5C54}
	EndGlobalSection
EndGlobal
